// !$*UTF8*$!
{
	archiveVersion = 1;
	classes = {
	};
	objectVersion = 55;
	objects = {

/* Begin PBXBuildFile section */
		A0BA013B2782E450004E7457 /* AppDelegate.swift in Sources */ = {isa = PBXBuildFile; fileRef = A0BA013A2782E450004E7457 /* AppDelegate.swift */; };
		A0BA013D2782E450004E7457 /* SceneDelegate.swift in Sources */ = {isa = PBXBuildFile; fileRef = A0BA013C2782E450004E7457 /* SceneDelegate.swift */; };
		A0BA013F2782E450004E7457 /* SearchViewController.swift in Sources */ = {isa = PBXBuildFile; fileRef = A0BA013E2782E450004E7457 /* SearchViewController.swift */; };
		A0BA01422782E450004E7457 /* Main.storyboard in Resources */ = {isa = PBXBuildFile; fileRef = A0BA01402782E450004E7457 /* Main.storyboard */; };
		A0BA01442782E451004E7457 /* Assets.xcassets in Resources */ = {isa = PBXBuildFile; fileRef = A0BA01432782E451004E7457 /* Assets.xcassets */; };
		A0BA01472782E451004E7457 /* LaunchScreen.storyboard in Resources */ = {isa = PBXBuildFile; fileRef = A0BA01452782E451004E7457 /* LaunchScreen.storyboard */; };
		A0BA01522782E452004E7457 /* GitHubSearchTests.swift in Sources */ = {isa = PBXBuildFile; fileRef = A0BA01512782E452004E7457 /* GitHubSearchTests.swift */; };
		A0BA015C2782E452004E7457 /* GitHubSearchUITests.swift in Sources */ = {isa = PBXBuildFile; fileRef = A0BA015B2782E452004E7457 /* GitHubSearchUITests.swift */; };
		A0BA015E2782E452004E7457 /* GitHubSearchUITestsLaunchTests.swift in Sources */ = {isa = PBXBuildFile; fileRef = A0BA015D2782E452004E7457 /* GitHubSearchUITestsLaunchTests.swift */; };
		A0BA0170278310BF004E7457 /* RxBlocking in Frameworks */ = {isa = PBXBuildFile; productRef = A0BA016F278310BF004E7457 /* RxBlocking */; };
		A0BA0172278310BF004E7457 /* RxCocoa in Frameworks */ = {isa = PBXBuildFile; productRef = A0BA0171278310BF004E7457 /* RxCocoa */; };
		A0BA0174278310BF004E7457 /* RxRelay in Frameworks */ = {isa = PBXBuildFile; productRef = A0BA0173278310BF004E7457 /* RxRelay */; };
		A0BA0176278310BF004E7457 /* RxSwift in Frameworks */ = {isa = PBXBuildFile; productRef = A0BA0175278310BF004E7457 /* RxSwift */; };
		A0BA0179278310D5004E7457 /* Alamofire in Frameworks */ = {isa = PBXBuildFile; productRef = A0BA0178278310D5004E7457 /* Alamofire */; };
		A0BA017D2783122B004E7457 /* GitHubAPI.swift in Sources */ = {isa = PBXBuildFile; fileRef = A0BA017C2783122B004E7457 /* GitHubAPI.swift */; };
		A0BA017F2783135F004E7457 /* APIError.swift in Sources */ = {isa = PBXBuildFile; fileRef = A0BA017E2783135F004E7457 /* APIError.swift */; };
		A0BA01822783D6AD004E7457 /* RepositoryInfo.swift in Sources */ = {isa = PBXBuildFile; fileRef = A0BA01812783D6AD004E7457 /* RepositoryInfo.swift */; };
		A0BA01852783D7BD004E7457 /* SearchRepository.swift in Sources */ = {isa = PBXBuildFile; fileRef = A0BA01842783D7BD004E7457 /* SearchRepository.swift */; };
		A0BA01892783DB37004E7457 /* SearchRepositoryTest.swift in Sources */ = {isa = PBXBuildFile; fileRef = A0BA01872783DB30004E7457 /* SearchRepositoryTest.swift */; };
		A0BA018C2783E3ED004E7457 /* String+Utils.swift in Sources */ = {isa = PBXBuildFile; fileRef = A0BA018B2783E3ED004E7457 /* String+Utils.swift */; };
		A0BA018E2783E437004E7457 /* Localizable.strings in Resources */ = {isa = PBXBuildFile; fileRef = A0BA018D2783E437004E7457 /* Localizable.strings */; };
		A0BA01912783ECFB004E7457 /* LimitedMaxIntWrapper.swift in Sources */ = {isa = PBXBuildFile; fileRef = A0BA01902783ECFB004E7457 /* LimitedMaxIntWrapper.swift */; };
		A0BA0193278424AE004E7457 /* SearchInteractor.swift in Sources */ = {isa = PBXBuildFile; fileRef = A0BA0192278424AE004E7457 /* SearchInteractor.swift */; };
		A0BA019627842DAC004E7457 /* SearchViewModelTest.swift in Sources */ = {isa = PBXBuildFile; fileRef = A0BA019427842DA9004E7457 /* SearchViewModelTest.swift */; };
		A0BB7F7F27840A87002668F7 /* SearchViewModel.swift in Sources */ = {isa = PBXBuildFile; fileRef = A0BB7F7E27840A87002668F7 /* SearchViewModel.swift */; };
		A0BB7F8127840C16002668F7 /* SearchTableViewCell.swift in Sources */ = {isa = PBXBuildFile; fileRef = A0BB7F8027840C16002668F7 /* SearchTableViewCell.swift */; };
		A0BB7F8327840C5E002668F7 /* SearchTableViewModel.swift in Sources */ = {isa = PBXBuildFile; fileRef = A0BB7F8227840C5E002668F7 /* SearchTableViewModel.swift */; };
		A0BB7F8627840EE8002668F7 /* Kingfisher in Frameworks */ = {isa = PBXBuildFile; productRef = A0BB7F8527840EE8002668F7 /* Kingfisher */; };
		A0BB7F88278411ED002668F7 /* Int+Utils.swift in Sources */ = {isa = PBXBuildFile; fileRef = A0BB7F87278411ED002668F7 /* Int+Utils.swift */; };
		A0BB7F8B278415E1002668F7 /* SearchTableViewModelTest.swift in Sources */ = {isa = PBXBuildFile; fileRef = A0BB7F89278414C0002668F7 /* SearchTableViewModelTest.swift */; };
		A0BB7F8D27855864002668F7 /* Array+Utils.swift in Sources */ = {isa = PBXBuildFile; fileRef = A0BB7F8C27855864002668F7 /* Array+Utils.swift */; };
		A0BB7F8F27856343002668F7 /* ScrollView+Utils.swift in Sources */ = {isa = PBXBuildFile; fileRef = A0BB7F8E27856343002668F7 /* ScrollView+Utils.swift */; };
		A0D0B1B3278454AF006AFC96 /* SearchBuilder.swift in Sources */ = {isa = PBXBuildFile; fileRef = A0D0B1B2278454AF006AFC96 /* SearchBuilder.swift */; };
		A0D0B1B62784565E006AFC96 /* SearchJSON.json in Resources */ = {isa = PBXBuildFile; fileRef = A0D0B1B52784565E006AFC96 /* SearchJSON.json */; };
		A0D0B1B8278456D8006AFC96 /* LocalJsonLoader.swift in Sources */ = {isa = PBXBuildFile; fileRef = A0D0B1B7278456D8006AFC96 /* LocalJsonLoader.swift */; };
		A0D0B1BB27845728006AFC96 /* SearchRepositoryMock.swift in Sources */ = {isa = PBXBuildFile; fileRef = A0D0B1BA27845728006AFC96 /* SearchRepositoryMock.swift */; };
/* End PBXBuildFile section */

/* Begin PBXContainerItemProxy section */
		A0BA014E2782E452004E7457 /* PBXContainerItemProxy */ = {
			isa = PBXContainerItemProxy;
			containerPortal = A0BA012F2782E450004E7457 /* Project object */;
			proxyType = 1;
			remoteGlobalIDString = A0BA01362782E450004E7457;
			remoteInfo = GitHubSearch;
		};
		A0BA01582782E452004E7457 /* PBXContainerItemProxy */ = {
			isa = PBXContainerItemProxy;
			containerPortal = A0BA012F2782E450004E7457 /* Project object */;
			proxyType = 1;
			remoteGlobalIDString = A0BA01362782E450004E7457;
			remoteInfo = GitHubSearch;
		};
/* End PBXContainerItemProxy section */

/* Begin PBXFileReference section */
		A0BA01372782E450004E7457 /* GitHubSearch.app */ = {isa = PBXFileReference; explicitFileType = wrapper.application; includeInIndex = 0; path = GitHubSearch.app; sourceTree = BUILT_PRODUCTS_DIR; };
		A0BA013A2782E450004E7457 /* AppDelegate.swift */ = {isa = PBXFileReference; lastKnownFileType = sourcecode.swift; path = AppDelegate.swift; sourceTree = "<group>"; };
		A0BA013C2782E450004E7457 /* SceneDelegate.swift */ = {isa = PBXFileReference; lastKnownFileType = sourcecode.swift; path = SceneDelegate.swift; sourceTree = "<group>"; };
		A0BA013E2782E450004E7457 /* SearchViewController.swift */ = {isa = PBXFileReference; lastKnownFileType = sourcecode.swift; path = SearchViewController.swift; sourceTree = "<group>"; };
		A0BA01412782E450004E7457 /* Base */ = {isa = PBXFileReference; lastKnownFileType = file.storyboard; name = Base; path = Base.lproj/Main.storyboard; sourceTree = "<group>"; };
		A0BA01432782E451004E7457 /* Assets.xcassets */ = {isa = PBXFileReference; lastKnownFileType = folder.assetcatalog; path = Assets.xcassets; sourceTree = "<group>"; };
		A0BA01462782E451004E7457 /* Base */ = {isa = PBXFileReference; lastKnownFileType = file.storyboard; name = Base; path = Base.lproj/LaunchScreen.storyboard; sourceTree = "<group>"; };
		A0BA01482782E451004E7457 /* Info.plist */ = {isa = PBXFileReference; lastKnownFileType = text.plist.xml; path = Info.plist; sourceTree = "<group>"; };
		A0BA014D2782E452004E7457 /* GitHubSearchTests.xctest */ = {isa = PBXFileReference; explicitFileType = wrapper.cfbundle; includeInIndex = 0; path = GitHubSearchTests.xctest; sourceTree = BUILT_PRODUCTS_DIR; };
		A0BA01512782E452004E7457 /* GitHubSearchTests.swift */ = {isa = PBXFileReference; lastKnownFileType = sourcecode.swift; path = GitHubSearchTests.swift; sourceTree = "<group>"; };
		A0BA01572782E452004E7457 /* GitHubSearchUITests.xctest */ = {isa = PBXFileReference; explicitFileType = wrapper.cfbundle; includeInIndex = 0; path = GitHubSearchUITests.xctest; sourceTree = BUILT_PRODUCTS_DIR; };
		A0BA015B2782E452004E7457 /* GitHubSearchUITests.swift */ = {isa = PBXFileReference; lastKnownFileType = sourcecode.swift; path = GitHubSearchUITests.swift; sourceTree = "<group>"; };
		A0BA015D2782E452004E7457 /* GitHubSearchUITestsLaunchTests.swift */ = {isa = PBXFileReference; lastKnownFileType = sourcecode.swift; path = GitHubSearchUITestsLaunchTests.swift; sourceTree = "<group>"; };
		A0BA017C2783122B004E7457 /* GitHubAPI.swift */ = {isa = PBXFileReference; lastKnownFileType = sourcecode.swift; path = GitHubAPI.swift; sourceTree = "<group>"; };
		A0BA017E2783135F004E7457 /* APIError.swift */ = {isa = PBXFileReference; lastKnownFileType = sourcecode.swift; path = APIError.swift; sourceTree = "<group>"; };
		A0BA01812783D6AD004E7457 /* RepositoryInfo.swift */ = {isa = PBXFileReference; lastKnownFileType = sourcecode.swift; path = RepositoryInfo.swift; sourceTree = "<group>"; };
		A0BA01842783D7BD004E7457 /* SearchRepository.swift */ = {isa = PBXFileReference; lastKnownFileType = sourcecode.swift; path = SearchRepository.swift; sourceTree = "<group>"; };
		A0BA01872783DB30004E7457 /* SearchRepositoryTest.swift */ = {isa = PBXFileReference; lastKnownFileType = sourcecode.swift; path = SearchRepositoryTest.swift; sourceTree = "<group>"; };
		A0BA018B2783E3ED004E7457 /* String+Utils.swift */ = {isa = PBXFileReference; lastKnownFileType = sourcecode.swift; path = "String+Utils.swift"; sourceTree = "<group>"; };
		A0BA018D2783E437004E7457 /* Localizable.strings */ = {isa = PBXFileReference; lastKnownFileType = text.plist.strings; path = Localizable.strings; sourceTree = "<group>"; };
		A0BA01902783ECFB004E7457 /* LimitedMaxIntWrapper.swift */ = {isa = PBXFileReference; lastKnownFileType = sourcecode.swift; path = LimitedMaxIntWrapper.swift; sourceTree = "<group>"; };
		A0BA0192278424AE004E7457 /* SearchInteractor.swift */ = {isa = PBXFileReference; lastKnownFileType = sourcecode.swift; path = SearchInteractor.swift; sourceTree = "<group>"; };
		A0BA019427842DA9004E7457 /* SearchViewModelTest.swift */ = {isa = PBXFileReference; lastKnownFileType = sourcecode.swift; path = SearchViewModelTest.swift; sourceTree = "<group>"; };
		A0BB7F7E27840A87002668F7 /* SearchViewModel.swift */ = {isa = PBXFileReference; lastKnownFileType = sourcecode.swift; path = SearchViewModel.swift; sourceTree = "<group>"; };
		A0BB7F8027840C16002668F7 /* SearchTableViewCell.swift */ = {isa = PBXFileReference; lastKnownFileType = sourcecode.swift; path = SearchTableViewCell.swift; sourceTree = "<group>"; };
		A0BB7F8227840C5E002668F7 /* SearchTableViewModel.swift */ = {isa = PBXFileReference; lastKnownFileType = sourcecode.swift; path = SearchTableViewModel.swift; sourceTree = "<group>"; };
		A0BB7F87278411ED002668F7 /* Int+Utils.swift */ = {isa = PBXFileReference; lastKnownFileType = sourcecode.swift; path = "Int+Utils.swift"; sourceTree = "<group>"; };
		A0BB7F89278414C0002668F7 /* SearchTableViewModelTest.swift */ = {isa = PBXFileReference; lastKnownFileType = sourcecode.swift; path = SearchTableViewModelTest.swift; sourceTree = "<group>"; };
		A0BB7F8C27855864002668F7 /* Array+Utils.swift */ = {isa = PBXFileReference; lastKnownFileType = sourcecode.swift; path = "Array+Utils.swift"; sourceTree = "<group>"; };
		A0BB7F8E27856343002668F7 /* ScrollView+Utils.swift */ = {isa = PBXFileReference; lastKnownFileType = sourcecode.swift; path = "ScrollView+Utils.swift"; sourceTree = "<group>"; };
		A0D0B1B2278454AF006AFC96 /* SearchBuilder.swift */ = {isa = PBXFileReference; lastKnownFileType = sourcecode.swift; path = SearchBuilder.swift; sourceTree = "<group>"; };
		A0D0B1B52784565E006AFC96 /* SearchJSON.json */ = {isa = PBXFileReference; lastKnownFileType = text.json; path = SearchJSON.json; sourceTree = "<group>"; };
		A0D0B1B7278456D8006AFC96 /* LocalJsonLoader.swift */ = {isa = PBXFileReference; lastKnownFileType = sourcecode.swift; path = LocalJsonLoader.swift; sourceTree = "<group>"; };
		A0D0B1BA27845728006AFC96 /* SearchRepositoryMock.swift */ = {isa = PBXFileReference; lastKnownFileType = sourcecode.swift; path = SearchRepositoryMock.swift; sourceTree = "<group>"; };
/* End PBXFileReference section */

/* Begin PBXFrameworksBuildPhase section */
		A0BA01342782E450004E7457 /* Frameworks */ = {
			isa = PBXFrameworksBuildPhase;
			buildActionMask = 2147483647;
			files = (
				A0BB7F8627840EE8002668F7 /* Kingfisher in Frameworks */,
				A0BA0179278310D5004E7457 /* Alamofire in Frameworks */,
				A0BA0174278310BF004E7457 /* RxRelay in Frameworks */,
				A0BA0172278310BF004E7457 /* RxCocoa in Frameworks */,
				A0BA0176278310BF004E7457 /* RxSwift in Frameworks */,
				A0BA0170278310BF004E7457 /* RxBlocking in Frameworks */,
			);
			runOnlyForDeploymentPostprocessing = 0;
		};
		A0BA014A2782E452004E7457 /* Frameworks */ = {
			isa = PBXFrameworksBuildPhase;
			buildActionMask = 2147483647;
			files = (
			);
			runOnlyForDeploymentPostprocessing = 0;
		};
		A0BA01542782E452004E7457 /* Frameworks */ = {
			isa = PBXFrameworksBuildPhase;
			buildActionMask = 2147483647;
			files = (
			);
			runOnlyForDeploymentPostprocessing = 0;
		};
/* End PBXFrameworksBuildPhase section */

/* Begin PBXGroup section */
		A0BA012E2782E450004E7457 = {
			isa = PBXGroup;
			children = (
				A0BA01392782E450004E7457 /* GitHubSearch */,
				A0BA01502782E452004E7457 /* GitHubSearchTests */,
				A0BA015A2782E452004E7457 /* GitHubSearchUITests */,
				A0BA01382782E450004E7457 /* Products */,
			);
			sourceTree = "<group>";
		};
		A0BA01382782E450004E7457 /* Products */ = {
			isa = PBXGroup;
			children = (
				A0BA01372782E450004E7457 /* GitHubSearch.app */,
				A0BA014D2782E452004E7457 /* GitHubSearchTests.xctest */,
				A0BA01572782E452004E7457 /* GitHubSearchUITests.xctest */,
			);
			name = Products;
			sourceTree = "<group>";
		};
		A0BA01392782E450004E7457 /* GitHubSearch */ = {
			isa = PBXGroup;
			children = (
				A0BA013A2782E450004E7457 /* AppDelegate.swift */,
				A0BA013C2782E450004E7457 /* SceneDelegate.swift */,
				A0BA016C2782F2CD004E7457 /* StoryBoard */,
				A0BA016A2782F2AD004E7457 /* Scene */,
				A0BA017A27831216004E7457 /* Utils */,
				A0BA016B2782F2B8004E7457 /* Resource */,
			);
			path = GitHubSearch;
			sourceTree = "<group>";
		};
		A0BA01502782E452004E7457 /* GitHubSearchTests */ = {
			isa = PBXGroup;
			children = (
				A0BA01512782E452004E7457 /* GitHubSearchTests.swift */,
			);
			path = GitHubSearchTests;
			sourceTree = "<group>";
		};
		A0BA015A2782E452004E7457 /* GitHubSearchUITests */ = {
			isa = PBXGroup;
			children = (
				A0BA015B2782E452004E7457 /* GitHubSearchUITests.swift */,
				A0BA015D2782E452004E7457 /* GitHubSearchUITestsLaunchTests.swift */,
			);
			path = GitHubSearchUITests;
			sourceTree = "<group>";
		};
		A0BA016A2782F2AD004E7457 /* Scene */ = {
			isa = PBXGroup;
			children = (
				A0BA016D2782F2E5004E7457 /* Search */,
			);
			path = Scene;
			sourceTree = "<group>";
		};
		A0BA016B2782F2B8004E7457 /* Resource */ = {
			isa = PBXGroup;
			children = (
				A0BA01432782E451004E7457 /* Assets.xcassets */,
				A0BA01482782E451004E7457 /* Info.plist */,
				A0BA018D2783E437004E7457 /* Localizable.strings */,
			);
			path = Resource;
			sourceTree = "<group>";
		};
		A0BA016C2782F2CD004E7457 /* StoryBoard */ = {
			isa = PBXGroup;
			children = (
				A0BA01402782E450004E7457 /* Main.storyboard */,
				A0BA01452782E451004E7457 /* LaunchScreen.storyboard */,
			);
			path = StoryBoard;
			sourceTree = "<group>";
		};
		A0BA016D2782F2E5004E7457 /* Search */ = {
			isa = PBXGroup;
			children = (
				A0BA01862783DB21004E7457 /* Test */,
				A0BA01832783D7B3004E7457 /* Repository */,
				A0BA01802783D698004E7457 /* Entity */,
				A0BA0192278424AE004E7457 /* SearchInteractor.swift */,
				A0D0B1B2278454AF006AFC96 /* SearchBuilder.swift */,
				A0BB7F7E27840A87002668F7 /* SearchViewModel.swift */,
				A0BA013E2782E450004E7457 /* SearchViewController.swift */,
				A0BB7F8227840C5E002668F7 /* SearchTableViewModel.swift */,
				A0BB7F8027840C16002668F7 /* SearchTableViewCell.swift */,
			);
			path = Search;
			sourceTree = "<group>";
		};
		A0BA017A27831216004E7457 /* Utils */ = {
			isa = PBXGroup;
			children = (
				A0D0B1B427845641006AFC96 /* JSONDummy */,
				A0BA018F2783ECAB004E7457 /* PropertyWrapper */,
				A0BA018A2783E3E1004E7457 /* Extension */,
				A0BA017B27831222004E7457 /* Network */,
			);
			path = Utils;
			sourceTree = "<group>";
		};
		A0BA017B27831222004E7457 /* Network */ = {
			isa = PBXGroup;
			children = (
				A0BA017C2783122B004E7457 /* GitHubAPI.swift */,
				A0BA017E2783135F004E7457 /* APIError.swift */,
			);
			path = Network;
			sourceTree = "<group>";
		};
		A0BA01802783D698004E7457 /* Entity */ = {
			isa = PBXGroup;
			children = (
				A0BA01812783D6AD004E7457 /* RepositoryInfo.swift */,
			);
			path = Entity;
			sourceTree = "<group>";
		};
		A0BA01832783D7B3004E7457 /* Repository */ = {
			isa = PBXGroup;
			children = (
				A0BA01842783D7BD004E7457 /* SearchRepository.swift */,
			);
			path = Repository;
			sourceTree = "<group>";
		};
		A0BA01862783DB21004E7457 /* Test */ = {
			isa = PBXGroup;
			children = (
				A0D0B1B927845717006AFC96 /* Mock */,
				A0BA01872783DB30004E7457 /* SearchRepositoryTest.swift */,
				A0BA019427842DA9004E7457 /* SearchViewModelTest.swift */,
				A0BB7F89278414C0002668F7 /* SearchTableViewModelTest.swift */,
			);
			path = Test;
			sourceTree = "<group>";
		};
		A0BA018A2783E3E1004E7457 /* Extension */ = {
			isa = PBXGroup;
			children = (
				A0BA018B2783E3ED004E7457 /* String+Utils.swift */,
				A0BB7F87278411ED002668F7 /* Int+Utils.swift */,
				A0BB7F8C27855864002668F7 /* Array+Utils.swift */,
				A0BB7F8E27856343002668F7 /* ScrollView+Utils.swift */,
			);
			path = Extension;
			sourceTree = "<group>";
		};
		A0BA018F2783ECAB004E7457 /* PropertyWrapper */ = {
			isa = PBXGroup;
			children = (
				A0BA01902783ECFB004E7457 /* LimitedMaxIntWrapper.swift */,
			);
			path = PropertyWrapper;
			sourceTree = "<group>";
		};
		A0D0B1B427845641006AFC96 /* JSONDummy */ = {
			isa = PBXGroup;
			children = (
				A0D0B1B52784565E006AFC96 /* SearchJSON.json */,
				A0D0B1B7278456D8006AFC96 /* LocalJsonLoader.swift */,
			);
			path = JSONDummy;
			sourceTree = "<group>";
		};
		A0D0B1B927845717006AFC96 /* Mock */ = {
			isa = PBXGroup;
			children = (
				A0D0B1BA27845728006AFC96 /* SearchRepositoryMock.swift */,
			);
			path = Mock;
			sourceTree = "<group>";
		};
/* End PBXGroup section */

/* Begin PBXNativeTarget section */
		A0BA01362782E450004E7457 /* GitHubSearch */ = {
			isa = PBXNativeTarget;
			buildConfigurationList = A0BA01612782E452004E7457 /* Build configuration list for PBXNativeTarget "GitHubSearch" */;
			buildPhases = (
				A0BA01332782E450004E7457 /* Sources */,
				A0BA01342782E450004E7457 /* Frameworks */,
				A0BA01352782E450004E7457 /* Resources */,
			);
			buildRules = (
			);
			dependencies = (
			);
			name = GitHubSearch;
			packageProductDependencies = (
				A0BA016F278310BF004E7457 /* RxBlocking */,
				A0BA0171278310BF004E7457 /* RxCocoa */,
				A0BA0173278310BF004E7457 /* RxRelay */,
				A0BA0175278310BF004E7457 /* RxSwift */,
				A0BA0178278310D5004E7457 /* Alamofire */,
				A0BB7F8527840EE8002668F7 /* Kingfisher */,
			);
			productName = GitHubSearch;
			productReference = A0BA01372782E450004E7457 /* GitHubSearch.app */;
			productType = "com.apple.product-type.application";
		};
		A0BA014C2782E452004E7457 /* GitHubSearchTests */ = {
			isa = PBXNativeTarget;
			buildConfigurationList = A0BA01642782E452004E7457 /* Build configuration list for PBXNativeTarget "GitHubSearchTests" */;
			buildPhases = (
				A0BA01492782E452004E7457 /* Sources */,
				A0BA014A2782E452004E7457 /* Frameworks */,
				A0BA014B2782E452004E7457 /* Resources */,
			);
			buildRules = (
			);
			dependencies = (
				A0BA014F2782E452004E7457 /* PBXTargetDependency */,
			);
			name = GitHubSearchTests;
			productName = GitHubSearchTests;
			productReference = A0BA014D2782E452004E7457 /* GitHubSearchTests.xctest */;
			productType = "com.apple.product-type.bundle.unit-test";
		};
		A0BA01562782E452004E7457 /* GitHubSearchUITests */ = {
			isa = PBXNativeTarget;
			buildConfigurationList = A0BA01672782E452004E7457 /* Build configuration list for PBXNativeTarget "GitHubSearchUITests" */;
			buildPhases = (
				A0BA01532782E452004E7457 /* Sources */,
				A0BA01542782E452004E7457 /* Frameworks */,
				A0BA01552782E452004E7457 /* Resources */,
			);
			buildRules = (
			);
			dependencies = (
				A0BA01592782E452004E7457 /* PBXTargetDependency */,
			);
			name = GitHubSearchUITests;
			productName = GitHubSearchUITests;
			productReference = A0BA01572782E452004E7457 /* GitHubSearchUITests.xctest */;
			productType = "com.apple.product-type.bundle.ui-testing";
		};
/* End PBXNativeTarget section */

/* Begin PBXProject section */
		A0BA012F2782E450004E7457 /* Project object */ = {
			isa = PBXProject;
			attributes = {
				BuildIndependentTargetsInParallel = 1;
				LastSwiftUpdateCheck = 1300;
				LastUpgradeCheck = 1300;
				TargetAttributes = {
					A0BA01362782E450004E7457 = {
						CreatedOnToolsVersion = 13.0;
					};
					A0BA014C2782E452004E7457 = {
						CreatedOnToolsVersion = 13.0;
						TestTargetID = A0BA01362782E450004E7457;
					};
					A0BA01562782E452004E7457 = {
						CreatedOnToolsVersion = 13.0;
						TestTargetID = A0BA01362782E450004E7457;
					};
				};
			};
			buildConfigurationList = A0BA01322782E450004E7457 /* Build configuration list for PBXProject "GitHubSearch" */;
			compatibilityVersion = "Xcode 13.0";
			developmentRegion = en;
			hasScannedForEncodings = 0;
			knownRegions = (
				en,
				Base,
			);
			mainGroup = A0BA012E2782E450004E7457;
			packageReferences = (
				A0BA016E278310BF004E7457 /* XCRemoteSwiftPackageReference "RxSwift" */,
				A0BA0177278310D5004E7457 /* XCRemoteSwiftPackageReference "Alamofire" */,
				A0BB7F8427840EE8002668F7 /* XCRemoteSwiftPackageReference "Kingfisher" */,
			);
			productRefGroup = A0BA01382782E450004E7457 /* Products */;
			projectDirPath = "";
			projectRoot = "";
			targets = (
				A0BA01362782E450004E7457 /* GitHubSearch */,
				A0BA014C2782E452004E7457 /* GitHubSearchTests */,
				A0BA01562782E452004E7457 /* GitHubSearchUITests */,
			);
		};
/* End PBXProject section */

/* Begin PBXResourcesBuildPhase section */
		A0BA01352782E450004E7457 /* Resources */ = {
			isa = PBXResourcesBuildPhase;
			buildActionMask = 2147483647;
			files = (
				A0D0B1B62784565E006AFC96 /* SearchJSON.json in Resources */,
				A0BA01472782E451004E7457 /* LaunchScreen.storyboard in Resources */,
				A0BA018E2783E437004E7457 /* Localizable.strings in Resources */,
				A0BA01442782E451004E7457 /* Assets.xcassets in Resources */,
				A0BA01422782E450004E7457 /* Main.storyboard in Resources */,
			);
			runOnlyForDeploymentPostprocessing = 0;
		};
		A0BA014B2782E452004E7457 /* Resources */ = {
			isa = PBXResourcesBuildPhase;
			buildActionMask = 2147483647;
			files = (
			);
			runOnlyForDeploymentPostprocessing = 0;
		};
		A0BA01552782E452004E7457 /* Resources */ = {
			isa = PBXResourcesBuildPhase;
			buildActionMask = 2147483647;
			files = (
			);
			runOnlyForDeploymentPostprocessing = 0;
		};
/* End PBXResourcesBuildPhase section */

/* Begin PBXSourcesBuildPhase section */
		A0BA01332782E450004E7457 /* Sources */ = {
			isa = PBXSourcesBuildPhase;
			buildActionMask = 2147483647;
			files = (
				A0BB7F88278411ED002668F7 /* Int+Utils.swift in Sources */,
				A0BB7F8D27855864002668F7 /* Array+Utils.swift in Sources */,
				A0BA018C2783E3ED004E7457 /* String+Utils.swift in Sources */,
				A0BA013F2782E450004E7457 /* SearchViewController.swift in Sources */,
				A0BB7F7F27840A87002668F7 /* SearchViewModel.swift in Sources */,
				A0BB7F8327840C5E002668F7 /* SearchTableViewModel.swift in Sources */,
				A0BA01912783ECFB004E7457 /* LimitedMaxIntWrapper.swift in Sources */,
				A0BA0193278424AE004E7457 /* SearchInteractor.swift in Sources */,
				A0BB7F8127840C16002668F7 /* SearchTableViewCell.swift in Sources */,
				A0BB7F8F27856343002668F7 /* ScrollView+Utils.swift in Sources */,
				A0D0B1B3278454AF006AFC96 /* SearchBuilder.swift in Sources */,
				A0D0B1BB27845728006AFC96 /* SearchRepositoryMock.swift in Sources */,
				A0BA01822783D6AD004E7457 /* RepositoryInfo.swift in Sources */,
				A0BA013B2782E450004E7457 /* AppDelegate.swift in Sources */,
				A0BA017D2783122B004E7457 /* GitHubAPI.swift in Sources */,
				A0D0B1B8278456D8006AFC96 /* LocalJsonLoader.swift in Sources */,
				A0BA01852783D7BD004E7457 /* SearchRepository.swift in Sources */,
				A0BA017F2783135F004E7457 /* APIError.swift in Sources */,
				A0BA013D2782E450004E7457 /* SceneDelegate.swift in Sources */,
			);
			runOnlyForDeploymentPostprocessing = 0;
		};
		A0BA01492782E452004E7457 /* Sources */ = {
			isa = PBXSourcesBuildPhase;
			buildActionMask = 2147483647;
			files = (
				A0BB7F8B278415E1002668F7 /* SearchTableViewModelTest.swift in Sources */,
				A0BA01522782E452004E7457 /* GitHubSearchTests.swift in Sources */,
				A0BA019627842DAC004E7457 /* SearchViewModelTest.swift in Sources */,
				A0BA01892783DB37004E7457 /* SearchRepositoryTest.swift in Sources */,
			);
			runOnlyForDeploymentPostprocessing = 0;
		};
		A0BA01532782E452004E7457 /* Sources */ = {
			isa = PBXSourcesBuildPhase;
			buildActionMask = 2147483647;
			files = (
				A0BA015C2782E452004E7457 /* GitHubSearchUITests.swift in Sources */,
				A0BA015E2782E452004E7457 /* GitHubSearchUITestsLaunchTests.swift in Sources */,
			);
			runOnlyForDeploymentPostprocessing = 0;
		};
/* End PBXSourcesBuildPhase section */

/* Begin PBXTargetDependency section */
		A0BA014F2782E452004E7457 /* PBXTargetDependency */ = {
			isa = PBXTargetDependency;
			target = A0BA01362782E450004E7457 /* GitHubSearch */;
			targetProxy = A0BA014E2782E452004E7457 /* PBXContainerItemProxy */;
		};
		A0BA01592782E452004E7457 /* PBXTargetDependency */ = {
			isa = PBXTargetDependency;
			target = A0BA01362782E450004E7457 /* GitHubSearch */;
			targetProxy = A0BA01582782E452004E7457 /* PBXContainerItemProxy */;
		};
/* End PBXTargetDependency section */

/* Begin PBXVariantGroup section */
		A0BA01402782E450004E7457 /* Main.storyboard */ = {
			isa = PBXVariantGroup;
			children = (
				A0BA01412782E450004E7457 /* Base */,
			);
			name = Main.storyboard;
			sourceTree = "<group>";
		};
		A0BA01452782E451004E7457 /* LaunchScreen.storyboard */ = {
			isa = PBXVariantGroup;
			children = (
				A0BA01462782E451004E7457 /* Base */,
			);
			name = LaunchScreen.storyboard;
			sourceTree = "<group>";
		};
/* End PBXVariantGroup section */

/* Begin XCBuildConfiguration section */
		A0BA015F2782E452004E7457 /* Debug */ = {
			isa = XCBuildConfiguration;
			buildSettings = {
				ALWAYS_SEARCH_USER_PATHS = NO;
				CLANG_ANALYZER_NONNULL = YES;
				CLANG_ANALYZER_NUMBER_OBJECT_CONVERSION = YES_AGGRESSIVE;
				CLANG_CXX_LANGUAGE_STANDARD = "gnu++17";
				CLANG_CXX_LIBRARY = "libc++";
				CLANG_ENABLE_MODULES = YES;
				CLANG_ENABLE_OBJC_ARC = YES;
				CLANG_ENABLE_OBJC_WEAK = YES;
				CLANG_WARN_BLOCK_CAPTURE_AUTORELEASING = YES;
				CLANG_WARN_BOOL_CONVERSION = YES;
				CLANG_WARN_COMMA = YES;
				CLANG_WARN_CONSTANT_CONVERSION = YES;
				CLANG_WARN_DEPRECATED_OBJC_IMPLEMENTATIONS = YES;
				CLANG_WARN_DIRECT_OBJC_ISA_USAGE = YES_ERROR;
				CLANG_WARN_DOCUMENTATION_COMMENTS = YES;
				CLANG_WARN_EMPTY_BODY = YES;
				CLANG_WARN_ENUM_CONVERSION = YES;
				CLANG_WARN_INFINITE_RECURSION = YES;
				CLANG_WARN_INT_CONVERSION = YES;
				CLANG_WARN_NON_LITERAL_NULL_CONVERSION = YES;
				CLANG_WARN_OBJC_IMPLICIT_RETAIN_SELF = YES;
				CLANG_WARN_OBJC_LITERAL_CONVERSION = YES;
				CLANG_WARN_OBJC_ROOT_CLASS = YES_ERROR;
				CLANG_WARN_QUOTED_INCLUDE_IN_FRAMEWORK_HEADER = YES;
				CLANG_WARN_RANGE_LOOP_ANALYSIS = YES;
				CLANG_WARN_STRICT_PROTOTYPES = YES;
				CLANG_WARN_SUSPICIOUS_MOVE = YES;
				CLANG_WARN_UNGUARDED_AVAILABILITY = YES_AGGRESSIVE;
				CLANG_WARN_UNREACHABLE_CODE = YES;
				CLANG_WARN__DUPLICATE_METHOD_MATCH = YES;
				COPY_PHASE_STRIP = NO;
				DEBUG_INFORMATION_FORMAT = dwarf;
				ENABLE_STRICT_OBJC_MSGSEND = YES;
				ENABLE_TESTABILITY = YES;
				GCC_C_LANGUAGE_STANDARD = gnu11;
				GCC_DYNAMIC_NO_PIC = NO;
				GCC_NO_COMMON_BLOCKS = YES;
				GCC_OPTIMIZATION_LEVEL = 0;
				GCC_PREPROCESSOR_DEFINITIONS = (
					"DEBUG=1",
					"$(inherited)",
				);
				GCC_WARN_64_TO_32_BIT_CONVERSION = YES;
				GCC_WARN_ABOUT_RETURN_TYPE = YES_ERROR;
				GCC_WARN_UNDECLARED_SELECTOR = YES;
				GCC_WARN_UNINITIALIZED_AUTOS = YES_AGGRESSIVE;
				GCC_WARN_UNUSED_FUNCTION = YES;
				GCC_WARN_UNUSED_VARIABLE = YES;
				IPHONEOS_DEPLOYMENT_TARGET = 15.0;
				MTL_ENABLE_DEBUG_INFO = INCLUDE_SOURCE;
				MTL_FAST_MATH = YES;
				ONLY_ACTIVE_ARCH = YES;
				SDKROOT = iphoneos;
				SWIFT_ACTIVE_COMPILATION_CONDITIONS = DEBUG;
				SWIFT_OPTIMIZATION_LEVEL = "-Onone";
			};
			name = Debug;
		};
		A0BA01602782E452004E7457 /* Release */ = {
			isa = XCBuildConfiguration;
			buildSettings = {
				ALWAYS_SEARCH_USER_PATHS = NO;
				CLANG_ANALYZER_NONNULL = YES;
				CLANG_ANALYZER_NUMBER_OBJECT_CONVERSION = YES_AGGRESSIVE;
				CLANG_CXX_LANGUAGE_STANDARD = "gnu++17";
				CLANG_CXX_LIBRARY = "libc++";
				CLANG_ENABLE_MODULES = YES;
				CLANG_ENABLE_OBJC_ARC = YES;
				CLANG_ENABLE_OBJC_WEAK = YES;
				CLANG_WARN_BLOCK_CAPTURE_AUTORELEASING = YES;
				CLANG_WARN_BOOL_CONVERSION = YES;
				CLANG_WARN_COMMA = YES;
				CLANG_WARN_CONSTANT_CONVERSION = YES;
				CLANG_WARN_DEPRECATED_OBJC_IMPLEMENTATIONS = YES;
				CLANG_WARN_DIRECT_OBJC_ISA_USAGE = YES_ERROR;
				CLANG_WARN_DOCUMENTATION_COMMENTS = YES;
				CLANG_WARN_EMPTY_BODY = YES;
				CLANG_WARN_ENUM_CONVERSION = YES;
				CLANG_WARN_INFINITE_RECURSION = YES;
				CLANG_WARN_INT_CONVERSION = YES;
				CLANG_WARN_NON_LITERAL_NULL_CONVERSION = YES;
				CLANG_WARN_OBJC_IMPLICIT_RETAIN_SELF = YES;
				CLANG_WARN_OBJC_LITERAL_CONVERSION = YES;
				CLANG_WARN_OBJC_ROOT_CLASS = YES_ERROR;
				CLANG_WARN_QUOTED_INCLUDE_IN_FRAMEWORK_HEADER = YES;
				CLANG_WARN_RANGE_LOOP_ANALYSIS = YES;
				CLANG_WARN_STRICT_PROTOTYPES = YES;
				CLANG_WARN_SUSPICIOUS_MOVE = YES;
				CLANG_WARN_UNGUARDED_AVAILABILITY = YES_AGGRESSIVE;
				CLANG_WARN_UNREACHABLE_CODE = YES;
				CLANG_WARN__DUPLICATE_METHOD_MATCH = YES;
				COPY_PHASE_STRIP = NO;
				DEBUG_INFORMATION_FORMAT = "dwarf-with-dsym";
				ENABLE_NS_ASSERTIONS = NO;
				ENABLE_STRICT_OBJC_MSGSEND = YES;
				GCC_C_LANGUAGE_STANDARD = gnu11;
				GCC_NO_COMMON_BLOCKS = YES;
				GCC_WARN_64_TO_32_BIT_CONVERSION = YES;
				GCC_WARN_ABOUT_RETURN_TYPE = YES_ERROR;
				GCC_WARN_UNDECLARED_SELECTOR = YES;
				GCC_WARN_UNINITIALIZED_AUTOS = YES_AGGRESSIVE;
				GCC_WARN_UNUSED_FUNCTION = YES;
				GCC_WARN_UNUSED_VARIABLE = YES;
				IPHONEOS_DEPLOYMENT_TARGET = 15.0;
				MTL_ENABLE_DEBUG_INFO = NO;
				MTL_FAST_MATH = YES;
				SDKROOT = iphoneos;
				SWIFT_COMPILATION_MODE = wholemodule;
				SWIFT_OPTIMIZATION_LEVEL = "-O";
				VALIDATE_PRODUCT = YES;
			};
			name = Release;
		};
		A0BA01622782E452004E7457 /* Debug */ = {
			isa = XCBuildConfiguration;
			buildSettings = {
				ASSETCATALOG_COMPILER_APPICON_NAME = AppIcon;
				ASSETCATALOG_COMPILER_GLOBAL_ACCENT_COLOR_NAME = AccentColor;
				CODE_SIGN_STYLE = Automatic;
				CURRENT_PROJECT_VERSION = 1;
				DEVELOPMENT_TEAM = 689KAW4595;
				GENERATE_INFOPLIST_FILE = YES;
				INFOPLIST_FILE = GitHubSearch/Resource/Info.plist;
				INFOPLIST_KEY_UIApplicationSupportsIndirectInputEvents = YES;
				INFOPLIST_KEY_UILaunchStoryboardName = LaunchScreen;
				INFOPLIST_KEY_UIMainStoryboardFile = Main;
				INFOPLIST_KEY_UISupportedInterfaceOrientations_iPad = "UIInterfaceOrientationPortrait UIInterfaceOrientationPortraitUpsideDown UIInterfaceOrientationLandscapeLeft UIInterfaceOrientationLandscapeRight";
				INFOPLIST_KEY_UISupportedInterfaceOrientations_iPhone = "UIInterfaceOrientationPortrait UIInterfaceOrientationLandscapeLeft UIInterfaceOrientationLandscapeRight";
				LD_RUNPATH_SEARCH_PATHS = (
					"$(inherited)",
					"@executable_path/Frameworks",
				);
				MARKETING_VERSION = 1.0;
				PRODUCT_BUNDLE_IDENTIFIER = com.KJS.GitHubSearch;
				PRODUCT_NAME = "$(TARGET_NAME)";
				SWIFT_EMIT_LOC_STRINGS = YES;
				SWIFT_VERSION = 5.0;
				TARGETED_DEVICE_FAMILY = "1,2";
			};
			name = Debug;
		};
		A0BA01632782E452004E7457 /* Release */ = {
			isa = XCBuildConfiguration;
			buildSettings = {
				ASSETCATALOG_COMPILER_APPICON_NAME = AppIcon;
				ASSETCATALOG_COMPILER_GLOBAL_ACCENT_COLOR_NAME = AccentColor;
				CODE_SIGN_STYLE = Automatic;
				CURRENT_PROJECT_VERSION = 1;
				DEVELOPMENT_TEAM = 689KAW4595;
				GENERATE_INFOPLIST_FILE = YES;
				INFOPLIST_FILE = GitHubSearch/Resource/Info.plist;
				INFOPLIST_KEY_UIApplicationSupportsIndirectInputEvents = YES;
				INFOPLIST_KEY_UILaunchStoryboardName = LaunchScreen;
				INFOPLIST_KEY_UIMainStoryboardFile = Main;
				INFOPLIST_KEY_UISupportedInterfaceOrientations_iPad = "UIInterfaceOrientationPortrait UIInterfaceOrientationPortraitUpsideDown UIInterfaceOrientationLandscapeLeft UIInterfaceOrientationLandscapeRight";
				INFOPLIST_KEY_UISupportedInterfaceOrientations_iPhone = "UIInterfaceOrientationPortrait UIInterfaceOrientationLandscapeLeft UIInterfaceOrientationLandscapeRight";
				LD_RUNPATH_SEARCH_PATHS = (
					"$(inherited)",
					"@executable_path/Frameworks",
				);
				MARKETING_VERSION = 1.0;
				PRODUCT_BUNDLE_IDENTIFIER = com.KJS.GitHubSearch;
				PRODUCT_NAME = "$(TARGET_NAME)";
				SWIFT_EMIT_LOC_STRINGS = YES;
				SWIFT_VERSION = 5.0;
				TARGETED_DEVICE_FAMILY = "1,2";
			};
			name = Release;
		};
		A0BA01652782E452004E7457 /* Debug */ = {
			isa = XCBuildConfiguration;
			buildSettings = {
				ALWAYS_EMBED_SWIFT_STANDARD_LIBRARIES = YES;
				BUNDLE_LOADER = "$(TEST_HOST)";
				CODE_SIGN_STYLE = Automatic;
				CURRENT_PROJECT_VERSION = 1;
				DEVELOPMENT_TEAM = 689KAW4595;
				GENERATE_INFOPLIST_FILE = YES;
				IPHONEOS_DEPLOYMENT_TARGET = 15.0;
				LD_RUNPATH_SEARCH_PATHS = (
					"$(inherited)",
					"@executable_path/Frameworks",
					"@loader_path/Frameworks",
				);
				MARKETING_VERSION = 1.0;
				PRODUCT_BUNDLE_IDENTIFIER = com.KJS.GitHubSearchTests;
				PRODUCT_NAME = "$(TARGET_NAME)";
				SWIFT_EMIT_LOC_STRINGS = NO;
				SWIFT_VERSION = 5.0;
				TARGETED_DEVICE_FAMILY = "1,2";
				TEST_HOST = "$(BUILT_PRODUCTS_DIR)/GitHubSearch.app/GitHubSearch";
			};
			name = Debug;
		};
		A0BA01662782E452004E7457 /* Release */ = {
			isa = XCBuildConfiguration;
			buildSettings = {
				ALWAYS_EMBED_SWIFT_STANDARD_LIBRARIES = YES;
				BUNDLE_LOADER = "$(TEST_HOST)";
				CODE_SIGN_STYLE = Automatic;
				CURRENT_PROJECT_VERSION = 1;
				DEVELOPMENT_TEAM = 689KAW4595;
				GENERATE_INFOPLIST_FILE = YES;
				IPHONEOS_DEPLOYMENT_TARGET = 15.0;
				LD_RUNPATH_SEARCH_PATHS = (
					"$(inherited)",
					"@executable_path/Frameworks",
					"@loader_path/Frameworks",
				);
				MARKETING_VERSION = 1.0;
				PRODUCT_BUNDLE_IDENTIFIER = com.KJS.GitHubSearchTests;
				PRODUCT_NAME = "$(TARGET_NAME)";
				SWIFT_EMIT_LOC_STRINGS = NO;
				SWIFT_VERSION = 5.0;
				TARGETED_DEVICE_FAMILY = "1,2";
				TEST_HOST = "$(BUILT_PRODUCTS_DIR)/GitHubSearch.app/GitHubSearch";
			};
			name = Release;
		};
		A0BA01682782E452004E7457 /* Debug */ = {
			isa = XCBuildConfiguration;
			buildSettings = {
				ALWAYS_EMBED_SWIFT_STANDARD_LIBRARIES = YES;
				CODE_SIGN_STYLE = Automatic;
				CURRENT_PROJECT_VERSION = 1;
				DEVELOPMENT_TEAM = 689KAW4595;
				GENERATE_INFOPLIST_FILE = YES;
				LD_RUNPATH_SEARCH_PATHS = (
					"$(inherited)",
					"@executable_path/Frameworks",
					"@loader_path/Frameworks",
				);
				MARKETING_VERSION = 1.0;
				PRODUCT_BUNDLE_IDENTIFIER = com.KJS.GitHubSearchUITests;
				PRODUCT_NAME = "$(TARGET_NAME)";
				SWIFT_EMIT_LOC_STRINGS = NO;
				SWIFT_VERSION = 5.0;
				TARGETED_DEVICE_FAMILY = "1,2";
				TEST_TARGET_NAME = GitHubSearch;
			};
			name = Debug;
		};
		A0BA01692782E452004E7457 /* Release */ = {
			isa = XCBuildConfiguration;
			buildSettings = {
				ALWAYS_EMBED_SWIFT_STANDARD_LIBRARIES = YES;
				CODE_SIGN_STYLE = Automatic;
				CURRENT_PROJECT_VERSION = 1;
				DEVELOPMENT_TEAM = 689KAW4595;
				GENERATE_INFOPLIST_FILE = YES;
				LD_RUNPATH_SEARCH_PATHS = (
					"$(inherited)",
					"@executable_path/Frameworks",
					"@loader_path/Frameworks",
				);
				MARKETING_VERSION = 1.0;
				PRODUCT_BUNDLE_IDENTIFIER = com.KJS.GitHubSearchUITests;
				PRODUCT_NAME = "$(TARGET_NAME)";
				SWIFT_EMIT_LOC_STRINGS = NO;
				SWIFT_VERSION = 5.0;
				TARGETED_DEVICE_FAMILY = "1,2";
				TEST_TARGET_NAME = GitHubSearch;
			};
			name = Release;
		};
/* End XCBuildConfiguration section */

/* Begin XCConfigurationList section */
		A0BA01322782E450004E7457 /* Build configuration list for PBXProject "GitHubSearch" */ = {
			isa = XCConfigurationList;
			buildConfigurations = (
				A0BA015F2782E452004E7457 /* Debug */,
				A0BA01602782E452004E7457 /* Release */,
			);
			defaultConfigurationIsVisible = 0;
			defaultConfigurationName = Release;
		};
		A0BA01612782E452004E7457 /* Build configuration list for PBXNativeTarget "GitHubSearch" */ = {
			isa = XCConfigurationList;
			buildConfigurations = (
				A0BA01622782E452004E7457 /* Debug */,
				A0BA01632782E452004E7457 /* Release */,
			);
			defaultConfigurationIsVisible = 0;
			defaultConfigurationName = Release;
		};
		A0BA01642782E452004E7457 /* Build configuration list for PBXNativeTarget "GitHubSearchTests" */ = {
			isa = XCConfigurationList;
			buildConfigurations = (
				A0BA01652782E452004E7457 /* Debug */,
				A0BA01662782E452004E7457 /* Release */,
			);
			defaultConfigurationIsVisible = 0;
			defaultConfigurationName = Release;
		};
		A0BA01672782E452004E7457 /* Build configuration list for PBXNativeTarget "GitHubSearchUITests" */ = {
			isa = XCConfigurationList;
			buildConfigurations = (
				A0BA01682782E452004E7457 /* Debug */,
				A0BA01692782E452004E7457 /* Release */,
			);
			defaultConfigurationIsVisible = 0;
			defaultConfigurationName = Release;
		};
/* End XCConfigurationList section */

/* Begin XCRemoteSwiftPackageReference section */
		A0BA016E278310BF004E7457 /* XCRemoteSwiftPackageReference "RxSwift" */ = {
			isa = XCRemoteSwiftPackageReference;
			repositoryURL = "https://github.com/ReactiveX/RxSwift.git";
			requirement = {
				branch = main;
				kind = branch;
			};
		};
		A0BA0177278310D5004E7457 /* XCRemoteSwiftPackageReference "Alamofire" */ = {
			isa = XCRemoteSwiftPackageReference;
			repositoryURL = "https://github.com/Alamofire/Alamofire.git";
			requirement = {
				kind = upToNextMajorVersion;
				minimumVersion = 5.5.0;
			};
		};
		A0BB7F8427840EE8002668F7 /* XCRemoteSwiftPackageReference "Kingfisher" */ = {
			isa = XCRemoteSwiftPackageReference;
			repositoryURL = "https://github.com/onevcat/Kingfisher.git";
			requirement = {
				kind = upToNextMajorVersion;
				minimumVersion = 7.0.0;
			};
		};
/* End XCRemoteSwiftPackageReference section */

/* Begin XCSwiftPackageProductDependency section */
		A0BA016F278310BF004E7457 /* RxBlocking */ = {
			isa = XCSwiftPackageProductDependency;
			package = A0BA016E278310BF004E7457 /* XCRemoteSwiftPackageReference "RxSwift" */;
			productName = RxBlocking;
		};
		A0BA0171278310BF004E7457 /* RxCocoa */ = {
			isa = XCSwiftPackageProductDependency;
			package = A0BA016E278310BF004E7457 /* XCRemoteSwiftPackageReference "RxSwift" */;
			productName = RxCocoa;
		};
		A0BA0173278310BF004E7457 /* RxRelay */ = {
			isa = XCSwiftPackageProductDependency;
			package = A0BA016E278310BF004E7457 /* XCRemoteSwiftPackageReference "RxSwift" */;
			productName = RxRelay;
		};
		A0BA0175278310BF004E7457 /* RxSwift */ = {
			isa = XCSwiftPackageProductDependency;
			package = A0BA016E278310BF004E7457 /* XCRemoteSwiftPackageReference "RxSwift" */;
			productName = RxSwift;
		};
		A0BA0178278310D5004E7457 /* Alamofire */ = {
			isa = XCSwiftPackageProductDependency;
			package = A0BA0177278310D5004E7457 /* XCRemoteSwiftPackageReference "Alamofire" */;
			productName = Alamofire;
		};
		A0BB7F8527840EE8002668F7 /* Kingfisher */ = {
			isa = XCSwiftPackageProductDependency;
			package = A0BB7F8427840EE8002668F7 /* XCRemoteSwiftPackageReference "Kingfisher" */;
			productName = Kingfisher;
		};
/* End XCSwiftPackageProductDependency section */
	};
	rootObject = A0BA012F2782E450004E7457 /* Project object */;
}
